// !$*UTF8*$!
{
	archiveVersion = 1;
	classes = {
	};
	objectVersion = 50;
	objects = {

/* Begin PBXBuildFile section */
		065FFBA52574EF4C008934A2 /* AppDelegate.swift in Sources */ = {isa = PBXBuildFile; fileRef = 065FFBA42574EF4C008934A2 /* AppDelegate.swift */; };
		065FFBA72574EF4C008934A2 /* SceneDelegate.swift in Sources */ = {isa = PBXBuildFile; fileRef = 065FFBA62574EF4C008934A2 /* SceneDelegate.swift */; };
		065FFBA92574EF4C008934A2 /* ViewController.swift in Sources */ = {isa = PBXBuildFile; fileRef = 065FFBA82574EF4C008934A2 /* ViewController.swift */; };
		065FFBAC2574EF4C008934A2 /* Main.storyboard in Resources */ = {isa = PBXBuildFile; fileRef = 065FFBAA2574EF4C008934A2 /* Main.storyboard */; };
		065FFBAF2574EF4C008934A2 /* CoreDataDemo.xcdatamodeld in Sources */ = {isa = PBXBuildFile; fileRef = 065FFBAD2574EF4C008934A2 /* CoreDataDemo.xcdatamodeld */; };
		065FFBB12574EF4E008934A2 /* Assets.xcassets in Resources */ = {isa = PBXBuildFile; fileRef = 065FFBB02574EF4E008934A2 /* Assets.xcassets */; };
		065FFBB42574EF4E008934A2 /* LaunchScreen.storyboard in Resources */ = {isa = PBXBuildFile; fileRef = 065FFBB22574EF4E008934A2 /* LaunchScreen.storyboard */; };
		E7BD13752575E3CA00B8A96B /* Family+CoreDataClass.swift in Sources */ = {isa = PBXBuildFile; fileRef = E7BD13712575E3CA00B8A96B /* Family+CoreDataClass.swift */; };
		E7BD13762575E3CA00B8A96B /* Family+CoreDataProperties.swift in Sources */ = {isa = PBXBuildFile; fileRef = E7BD13722575E3CA00B8A96B /* Family+CoreDataProperties.swift */; };
		E7BD13772575E3CA00B8A96B /* Person+CoreDataClass.swift in Sources */ = {isa = PBXBuildFile; fileRef = E7BD13732575E3CA00B8A96B /* Person+CoreDataClass.swift */; };
		E7BD13782575E3CA00B8A96B /* Person+CoreDataProperties.swift in Sources */ = {isa = PBXBuildFile; fileRef = E7BD13742575E3CA00B8A96B /* Person+CoreDataProperties.swift */; };
/* End PBXBuildFile section */

/* Begin PBXFileReference section */
		065FFBA12574EF4C008934A2 /* CoreDataDemo.app */ = {isa = PBXFileReference; explicitFileType = wrapper.application; includeInIndex = 0; path = CoreDataDemo.app; sourceTree = BUILT_PRODUCTS_DIR; };
		065FFBA42574EF4C008934A2 /* AppDelegate.swift */ = {isa = PBXFileReference; lastKnownFileType = sourcecode.swift; path = AppDelegate.swift; sourceTree = "<group>"; };
		065FFBA62574EF4C008934A2 /* SceneDelegate.swift */ = {isa = PBXFileReference; lastKnownFileType = sourcecode.swift; path = SceneDelegate.swift; sourceTree = "<group>"; };
		065FFBA82574EF4C008934A2 /* ViewController.swift */ = {isa = PBXFileReference; lastKnownFileType = sourcecode.swift; path = ViewController.swift; sourceTree = "<group>"; };
		065FFBAB2574EF4C008934A2 /* Base */ = {isa = PBXFileReference; lastKnownFileType = file.storyboard; name = Base; path = Base.lproj/Main.storyboard; sourceTree = "<group>"; };
		065FFBAE2574EF4C008934A2 /* CoreDataDemo.xcdatamodel */ = {isa = PBXFileReference; lastKnownFileType = wrapper.xcdatamodel; path = CoreDataDemo.xcdatamodel; sourceTree = "<group>"; };
		065FFBB02574EF4E008934A2 /* Assets.xcassets */ = {isa = PBXFileReference; lastKnownFileType = folder.assetcatalog; path = Assets.xcassets; sourceTree = "<group>"; };
		065FFBB32574EF4E008934A2 /* Base */ = {isa = PBXFileReference; lastKnownFileType = file.storyboard; name = Base; path = Base.lproj/LaunchScreen.storyboard; sourceTree = "<group>"; };
		065FFBB52574EF4E008934A2 /* Info.plist */ = {isa = PBXFileReference; lastKnownFileType = text.plist.xml; path = Info.plist; sourceTree = "<group>"; };
		E7BD13712575E3CA00B8A96B /* Family+CoreDataClass.swift */ = {isa = PBXFileReference; lastKnownFileType = sourcecode.swift; path = "Family+CoreDataClass.swift"; sourceTree = "<group>"; };
		E7BD13722575E3CA00B8A96B /* Family+CoreDataProperties.swift */ = {isa = PBXFileReference; lastKnownFileType = sourcecode.swift; path = "Family+CoreDataProperties.swift"; sourceTree = "<group>"; };
		E7BD13732575E3CA00B8A96B /* Person+CoreDataClass.swift */ = {isa = PBXFileReference; lastKnownFileType = sourcecode.swift; path = "Person+CoreDataClass.swift"; sourceTree = "<group>"; };
		E7BD13742575E3CA00B8A96B /* Person+CoreDataProperties.swift */ = {isa = PBXFileReference; lastKnownFileType = sourcecode.swift; path = "Person+CoreDataProperties.swift"; sourceTree = "<group>"; };
/* End PBXFileReference section */

/* Begin PBXFrameworksBuildPhase section */
		065FFB9E2574EF4C008934A2 /* Frameworks */ = {
			isa = PBXFrameworksBuildPhase;
			buildActionMask = 2147483647;
			files = (
			);
			runOnlyForDeploymentPostprocessing = 0;
		};
/* End PBXFrameworksBuildPhase section */

/* Begin PBXGroup section */
		065FFB982574EF4C008934A2 = {
			isa = PBXGroup;
			children = (
				065FFBA32574EF4C008934A2 /* CoreDataDemo */,
				065FFBA22574EF4C008934A2 /* Products */,
			);
			sourceTree = "<group>";
		};
		065FFBA22574EF4C008934A2 /* Products */ = {
			isa = PBXGroup;
			children = (
				065FFBA12574EF4C008934A2 /* CoreDataDemo.app */,
			);
			name = Products;
			sourceTree = "<group>";
		};
		065FFBA32574EF4C008934A2 /* CoreDataDemo */ = {
			isa = PBXGroup;
			children = (
				065FFBC12574F13C008934A2 /* Model */,
				065FFBA42574EF4C008934A2 /* AppDelegate.swift */,
				065FFBA62574EF4C008934A2 /* SceneDelegate.swift */,
				065FFBA82574EF4C008934A2 /* ViewController.swift */,
				065FFBAA2574EF4C008934A2 /* Main.storyboard */,
				065FFBB02574EF4E008934A2 /* Assets.xcassets */,
				065FFBB22574EF4E008934A2 /* LaunchScreen.storyboard */,
				065FFBB52574EF4E008934A2 /* Info.plist */,
				065FFBAD2574EF4C008934A2 /* CoreDataDemo.xcdatamodeld */,
			);
			path = CoreDataDemo;
			sourceTree = "<group>";
		};
		065FFBC12574F13C008934A2 /* Model */ = {
			isa = PBXGroup;
			children = (
				E7BD13712575E3CA00B8A96B /* Family+CoreDataClass.swift */,
				E7BD13722575E3CA00B8A96B /* Family+CoreDataProperties.swift */,
				E7BD13732575E3CA00B8A96B /* Person+CoreDataClass.swift */,
				E7BD13742575E3CA00B8A96B /* Person+CoreDataProperties.swift */,
			);
			path = Model;
			sourceTree = "<group>";
		};
/* End PBXGroup section */

/* Begin PBXNativeTarget section */
		065FFBA02574EF4C008934A2 /* CoreDataDemo */ = {
			isa = PBXNativeTarget;
			buildConfigurationList = 065FFBB82574EF4E008934A2 /* Build configuration list for PBXNativeTarget "CoreDataDemo" */;
			buildPhases = (
				065FFB9D2574EF4C008934A2 /* Sources */,
				065FFB9E2574EF4C008934A2 /* Frameworks */,
				065FFB9F2574EF4C008934A2 /* Resources */,
			);
			buildRules = (
			);
			dependencies = (
			);
			name = CoreDataDemo;
			productName = CoreDataDemo;
			productReference = 065FFBA12574EF4C008934A2 /* CoreDataDemo.app */;
			productType = "com.apple.product-type.application";
		};
/* End PBXNativeTarget section */

/* Begin PBXProject section */
		065FFB992574EF4C008934A2 /* Project object */ = {
			isa = PBXProject;
			attributes = {
				LastSwiftUpdateCheck = 1210;
				LastUpgradeCheck = 1210;
				TargetAttributes = {
					065FFBA02574EF4C008934A2 = {
						CreatedOnToolsVersion = 12.1;
					};
				};
			};
			buildConfigurationList = 065FFB9C2574EF4C008934A2 /* Build configuration list for PBXProject "CoreDataDemo" */;
			compatibilityVersion = "Xcode 9.3";
			developmentRegion = en;
			hasScannedForEncodings = 0;
			knownRegions = (
				en,
				Base,
			);
			mainGroup = 065FFB982574EF4C008934A2;
			productRefGroup = 065FFBA22574EF4C008934A2 /* Products */;
			projectDirPath = "";
			projectRoot = "";
			targets = (
				065FFBA02574EF4C008934A2 /* CoreDataDemo */,
			);
		};
/* End PBXProject section */

/* Begin PBXResourcesBuildPhase section */
		065FFB9F2574EF4C008934A2 /* Resources */ = {
			isa = PBXResourcesBuildPhase;
			buildActionMask = 2147483647;
			files = (
				065FFBB42574EF4E008934A2 /* LaunchScreen.storyboard in Resources */,
				065FFBB12574EF4E008934A2 /* Assets.xcassets in Resources */,
				065FFBAC2574EF4C008934A2 /* Main.storyboard in Resources */,
			);
			runOnlyForDeploymentPostprocessing = 0;
		};
/* End PBXResourcesBuildPhase section */

/* Begin PBXSourcesBuildPhase section */
		065FFB9D2574EF4C008934A2 /* Sources */ = {
			isa = PBXSourcesBuildPhase;
			buildActionMask = 2147483647;
			files = (
				065FFBA92574EF4C008934A2 /* ViewController.swift in Sources */,
				E7BD13772575E3CA00B8A96B /* Person+CoreDataClass.swift in Sources */,
				E7BD13752575E3CA00B8A96B /* Family+CoreDataClass.swift in Sources */,
				065FFBAF2574EF4C008934A2 /* CoreDataDemo.xcdatamodeld in Sources */,
				E7BD13782575E3CA00B8A96B /* Person+CoreDataProperties.swift in Sources */,
				E7BD13762575E3CA00B8A96B /* Family+CoreDataProperties.swift in Sources */,
				065FFBA52574EF4C008934A2 /* AppDelegate.swift in Sources */,
				065FFBA72574EF4C008934A2 /* SceneDelegate.swift in Sources */,
			);
			runOnlyForDeploymentPostprocessing = 0;
		};
/* End PBXSourcesBuildPhase section */

/* Begin PBXVariantGroup section */
		065FFBAA2574EF4C008934A2 /* Main.storyboard */ = {
			isa = PBXVariantGroup;
			children = (
				065FFBAB2574EF4C008934A2 /* Base */,
			);
			name = Main.storyboard;
			sourceTree = "<group>";
		};
		065FFBB22574EF4E008934A2 /* LaunchScreen.storyboard */ = {
			isa = PBXVariantGroup;
			children = (
				065FFBB32574EF4E008934A2 /* Base */,
			);
			name = LaunchScreen.storyboard;
			sourceTree = "<group>";
		};
/* End PBXVariantGroup section */

/* Begin XCBuildConfiguration section */
		065FFBB62574EF4E008934A2 /* Debug */ = {
			isa = XCBuildConfiguration;
			buildSettings = {
				ALWAYS_SEARCH_USER_PATHS = NO;
				CLANG_ANALYZER_NONNULL = YES;
				CLANG_ANALYZER_NUMBER_OBJECT_CONVERSION = YES_AGGRESSIVE;
				CLANG_CXX_LANGUAGE_STANDARD = "gnu++14";
				CLANG_CXX_LIBRARY = "libc++";
				CLANG_ENABLE_MODULES = YES;
				CLANG_ENABLE_OBJC_ARC = YES;
				CLANG_ENABLE_OBJC_WEAK = YES;
				CLANG_WARN_BLOCK_CAPTURE_AUTORELEASING = YES;
				CLANG_WARN_BOOL_CONVERSION = YES;
				CLANG_WARN_COMMA = YES;
				CLANG_WARN_CONSTANT_CONVERSION = YES;
				CLANG_WARN_DEPRECATED_OBJC_IMPLEMENTATIONS = YES;
				CLANG_WARN_DIRECT_OBJC_ISA_USAGE = YES_ERROR;
				CLANG_WARN_DOCUMENTATION_COMMENTS = YES;
				CLANG_WARN_EMPTY_BODY = YES;
				CLANG_WARN_ENUM_CONVERSION = YES;
				CLANG_WARN_INFINITE_RECURSION = YES;
				CLANG_WARN_INT_CONVERSION = YES;
				CLANG_WARN_NON_LITERAL_NULL_CONVERSION = YES;
				CLANG_WARN_OBJC_IMPLICIT_RETAIN_SELF = YES;
				CLANG_WARN_OBJC_LITERAL_CONVERSION = YES;
				CLANG_WARN_OBJC_ROOT_CLASS = YES_ERROR;
				CLANG_WARN_QUOTED_INCLUDE_IN_FRAMEWORK_HEADER = YES;
				CLANG_WARN_RANGE_LOOP_ANALYSIS = YES;
				CLANG_WARN_STRICT_PROTOTYPES = YES;
				CLANG_WARN_SUSPICIOUS_MOVE = YES;
				CLANG_WARN_UNGUARDED_AVAILABILITY = YES_AGGRESSIVE;
				CLANG_WARN_UNREACHABLE_CODE = YES;
				CLANG_WARN__DUPLICATE_METHOD_MATCH = YES;
				COPY_PHASE_STRIP = NO;
				DEBUG_INFORMATION_FORMAT = dwarf;
				ENABLE_STRICT_OBJC_MSGSEND = YES;
				ENABLE_TESTABILITY = YES;
				GCC_C_LANGUAGE_STANDARD = gnu11;
				GCC_DYNAMIC_NO_PIC = NO;
				GCC_NO_COMMON_BLOCKS = YES;
				GCC_OPTIMIZATION_LEVEL = 0;
				GCC_PREPROCESSOR_DEFINITIONS = (
					"DEBUG=1",
					"$(inherited)",
				);
				GCC_WARN_64_TO_32_BIT_CONVERSION = YES;
				GCC_WARN_ABOUT_RETURN_TYPE = YES_ERROR;
				GCC_WARN_UNDECLARED_SELECTOR = YES;
				GCC_WARN_UNINITIALIZED_AUTOS = YES_AGGRESSIVE;
				GCC_WARN_UNUSED_FUNCTION = YES;
				GCC_WARN_UNUSED_VARIABLE = YES;
				IPHONEOS_DEPLOYMENT_TARGET = 14.1;
				MTL_ENABLE_DEBUG_INFO = INCLUDE_SOURCE;
				MTL_FAST_MATH = YES;
				ONLY_ACTIVE_ARCH = YES;
				SDKROOT = iphoneos;
				SWIFT_ACTIVE_COMPILATION_CONDITIONS = DEBUG;
				SWIFT_OPTIMIZATION_LEVEL = "-Onone";
			};
			name = Debug;
		};
		065FFBB72574EF4E008934A2 /* Release */ = {
			isa = XCBuildConfiguration;
			buildSettings = {
				ALWAYS_SEARCH_USER_PATHS = NO;
				CLANG_ANALYZER_NONNULL = YES;
				CLANG_ANALYZER_NUMBER_OBJECT_CONVERSION = YES_AGGRESSIVE;
				CLANG_CXX_LANGUAGE_STANDARD = "gnu++14";
				CLANG_CXX_LIBRARY = "libc++";
				CLANG_ENABLE_MODULES = YES;
				CLANG_ENABLE_OBJC_ARC = YES;
				CLANG_ENABLE_OBJC_WEAK = YES;
				CLANG_WARN_BLOCK_CAPTURE_AUTORELEASING = YES;
				CLANG_WARN_BOOL_CONVERSION = YES;
				CLANG_WARN_COMMA = YES;
				CLANG_WARN_CONSTANT_CONVERSION = YES;
				CLANG_WARN_DEPRECATED_OBJC_IMPLEMENTATIONS = YES;
				CLANG_WARN_DIRECT_OBJC_ISA_USAGE = YES_ERROR;
				CLANG_WARN_DOCUMENTATION_COMMENTS = YES;
				CLANG_WARN_EMPTY_BODY = YES;
				CLANG_WARN_ENUM_CONVERSION = YES;
				CLANG_WARN_INFINITE_RECURSION = YES;
				CLANG_WARN_INT_CONVERSION = YES;
				CLANG_WARN_NON_LITERAL_NULL_CONVERSION = YES;
				CLANG_WARN_OBJC_IMPLICIT_RETAIN_SELF = YES;
				CLANG_WARN_OBJC_LITERAL_CONVERSION = YES;
				CLANG_WARN_OBJC_ROOT_CLASS = YES_ERROR;
				CLANG_WARN_QUOTED_INCLUDE_IN_FRAMEWORK_HEADER = YES;
				CLANG_WARN_RANGE_LOOP_ANALYSIS = YES;
				CLANG_WARN_STRICT_PROTOTYPES = YES;
				CLANG_WARN_SUSPICIOUS_MOVE = YES;
				CLANG_WARN_UNGUARDED_AVAILABILITY = YES_AGGRESSIVE;
				CLANG_WARN_UNREACHABLE_CODE = YES;
				CLANG_WARN__DUPLICATE_METHOD_MATCH = YES;
				COPY_PHASE_STRIP = NO;
				DEBUG_INFORMATION_FORMAT = "dwarf-with-dsym";
				ENABLE_NS_ASSERTIONS = NO;
				ENABLE_STRICT_OBJC_MSGSEND = YES;
				GCC_C_LANGUAGE_STANDARD = gnu11;
				GCC_NO_COMMON_BLOCKS = YES;
				GCC_WARN_64_TO_32_BIT_CONVERSION = YES;
				GCC_WARN_ABOUT_RETURN_TYPE = YES_ERROR;
				GCC_WARN_UNDECLARED_SELECTOR = YES;
				GCC_WARN_UNINITIALIZED_AUTOS = YES_AGGRESSIVE;
				GCC_WARN_UNUSED_FUNCTION = YES;
				GCC_WARN_UNUSED_VARIABLE = YES;
				IPHONEOS_DEPLOYMENT_TARGET = 14.1;
				MTL_ENABLE_DEBUG_INFO = NO;
				MTL_FAST_MATH = YES;
				SDKROOT = iphoneos;
				SWIFT_COMPILATION_MODE = wholemodule;
				SWIFT_OPTIMIZATION_LEVEL = "-O";
				VALIDATE_PRODUCT = YES;
			};
			name = Release;
		};
		065FFBB92574EF4E008934A2 /* Debug */ = {
			isa = XCBuildConfiguration;
			buildSettings = {
				ASSETCATALOG_COMPILER_APPICON_NAME = AppIcon;
				ASSETCATALOG_COMPILER_GLOBAL_ACCENT_COLOR_NAME = AccentColor;
				CODE_SIGN_STYLE = Automatic;
				INFOPLIST_FILE = CoreDataDemo/Info.plist;
				LD_RUNPATH_SEARCH_PATHS = (
					"$(inherited)",
					"@executable_path/Frameworks",
				);
				PRODUCT_BUNDLE_IDENTIFIER = ryutenu.CoreDataDemo;
				PRODUCT_NAME = "$(TARGET_NAME)";
				SWIFT_VERSION = 5.0;
				TARGETED_DEVICE_FAMILY = "1,2";
			};
			name = Debug;
		};
		065FFBBA2574EF4E008934A2 /* Release */ = {
			isa = XCBuildConfiguration;
			buildSettings = {
				ASSETCATALOG_COMPILER_APPICON_NAME = AppIcon;
				ASSETCATALOG_COMPILER_GLOBAL_ACCENT_COLOR_NAME = AccentColor;
				CODE_SIGN_STYLE = Automatic;
				INFOPLIST_FILE = CoreDataDemo/Info.plist;
				LD_RUNPATH_SEARCH_PATHS = (
					"$(inherited)",
					"@executable_path/Frameworks",
				);
				PRODUCT_BUNDLE_IDENTIFIER = ryutenu.CoreDataDemo;
				PRODUCT_NAME = "$(TARGET_NAME)";
				SWIFT_VERSION = 5.0;
				TARGETED_DEVICE_FAMILY = "1,2";
			};
			name = Release;
		};
/* End XCBuildConfiguration section */

/* Begin XCConfigurationList section */
		065FFB9C2574EF4C008934A2 /* Build configuration list for PBXProject "CoreDataDemo" */ = {
			isa = XCConfigurationList;
			buildConfigurations = (
				065FFBB62574EF4E008934A2 /* Debug */,
				065FFBB72574EF4E008934A2 /* Release */,
			);
			defaultConfigurationIsVisible = 0;
			defaultConfigurationName = Release;
		};
		065FFBB82574EF4E008934A2 /* Build configuration list for PBXNativeTarget "CoreDataDemo" */ = {
			isa = XCConfigurationList;
			buildConfigurations = (
				065FFBB92574EF4E008934A2 /* Debug */,
				065FFBBA2574EF4E008934A2 /* Release */,
			);
			defaultConfigurationIsVisible = 0;
			defaultConfigurationName = Release;
		};
/* End XCConfigurationList section */

/* Begin XCVersionGroup section */
		065FFBAD2574EF4C008934A2 /* CoreDataDemo.xcdatamodeld */ = {
			isa = XCVersionGroup;
			children = (
				065FFBAE2574EF4C008934A2 /* CoreDataDemo.xcdatamodel */,
			);
			currentVersion = 065FFBAE2574EF4C008934A2 /* CoreDataDemo.xcdatamodel */;
			path = CoreDataDemo.xcdatamodeld;
			sourceTree = "<group>";
			versionGroupType = wrapper.xcdatamodel;
		};
/* End XCVersionGroup section */
	};
	rootObject = 065FFB992574EF4C008934A2 /* Project object */;
}
